
Microsoft Visual Studio Solution File, Format Version 12.00
# Visual Studio Version 16
VisualStudioVersion = 16.0.32802.440
MinimumVisualStudioVersion = 10.0.40219.1
Project("{FAE04EC0-301F-11D3-BF4B-00C04F79EFBC}") = "Wordle", "Wordle\Wordle.csproj", "{71EF5638-2039-454B-87C0-0B54CD196DCD}"
EndProject
Global
	GlobalSection(SolutionConfigurationPlatforms) = preSolution
		Debug|Any CPU = Debug|Any CPU
		Release|Any CPU = Release|Any CPU
	EndGlobalSection
	GlobalSection(ProjectConfigurationPlatforms) = postSolution
		{71EF5638-2039-454B-87C0-0B54CD196DCD}.Debug|Any CPU.ActiveCfg = Debug|Any CPU
		{71EF5638-2039-454B-87C0-0B54CD196DCD}.Debug|Any CPU.Build.0 = Debug|Any CPU
		{71EF5638-2039-454B-87C0-0B54CD196DCD}.Release|Any CPU.ActiveCfg = Release|Any CPU
		{71EF5638-2039-454B-87C0-0B54CD196DCD}.Release|Any CPU.Build.0 = Release|Any CPU
	EndGlobalSection
	GlobalSection(SolutionProperties) = preSolution
		HideSolutionNode = FALSE
	EndGlobalSection
	GlobalSection(ExtensibilityGlobals) = postSolution
		SolutionGuid = {B6207BAC-891E-46B2-9FD1-1184C2C4C461}
	EndGlobalSection
EndGlobal
